
Microsoft Visual Studio Solution File, Format Version 12.00
# Visual Studio Version 16
VisualStudioVersion = 25.0.1705.3
MinimumVisualStudioVersion = 10.0.40219.1
Project("{FAE04EC0-301F-11D3-BF4B-00C04F79EFBC}") = "Broker", "Broker\Broker.csproj", "{EB74FD66-8445-4CAA-BB8B-3763F3241496}"
EndProject
Global
	GlobalSection(SolutionConfigurationPlatforms) = preSolution
		Debug|Any CPU = Debug|Any CPU
		Release|Any CPU = Release|Any CPU
	EndGlobalSection
	GlobalSection(ProjectConfigurationPlatforms) = postSolution
		{EB74FD66-8445-4CAA-BB8B-3763F3241496}.Debug|Any CPU.ActiveCfg = Debug|Any CPU
		{EB74FD66-8445-4CAA-BB8B-3763F3241496}.Debug|Any CPU.Build.0 = Debug|Any CPU
		{EB74FD66-8445-4CAA-BB8B-3763F3241496}.Release|Any CPU.ActiveCfg = Release|Any CPU
		{EB74FD66-8445-4CAA-BB8B-3763F3241496}.Release|Any CPU.Build.0 = Release|Any CPU
	EndGlobalSection
	GlobalSection(SolutionProperties) = preSolution
		HideSolutionNode = FALSE
	EndGlobalSection
	GlobalSection(ExtensibilityGlobals) = postSolution
		SolutionGuid = {2B2CD6EC-FB4E-44A0-AE39-578BF9342CE4}
	EndGlobalSection
EndGlobal
